
Microsoft Visual Studio Solution File, Format Version 12.00
Project("{FAE04EC0-301F-11D3-BF4B-00C04F79EFBC}") = "BikeAuctionIntegration.Api", "BikeAuctionIntegration.Api\BikeAuctionIntegration.Api.csproj", "{47A01FFF-5176-4F9F-86A1-2A928357FE76}"
EndProject
Project("{FAE04EC0-301F-11D3-BF4B-00C04F79EFBC}") = "BikeAuctionIntegration.Core", "BikeAuctionIntegration.Core\BikeAuctionIntegration.Core.csproj", "{A2222CF4-4961-4B3E-86FC-541B44186DD2}"
EndProject
Project("{FAE04EC0-301F-11D3-BF4B-00C04F79EFBC}") = "BikeAuctionIntegration.Domain", "BikeAuctionIntegration.Domain\BikeAuctionIntegration.Domain.csproj", "{147D1A6E-212D-44F8-BDB2-984F9F35BC4E}"
EndProject
Project("{FAE04EC0-301F-11D3-BF4B-00C04F79EFBC}") = "BikeAuctionIntegration.BL", "BikeAuctionIntegration.BL\BikeAuctionIntegration.BL.csproj", "{2BA208B9-FA53-45D8-A9C5-45E12FE930B2}"
EndProject
Global
	GlobalSection(SolutionConfigurationPlatforms) = preSolution
		Debug|Any CPU = Debug|Any CPU
		Release|Any CPU = Release|Any CPU
	EndGlobalSection
	GlobalSection(ProjectConfigurationPlatforms) = postSolution
		{47A01FFF-5176-4F9F-86A1-2A928357FE76}.Debug|Any CPU.ActiveCfg = Debug|Any CPU
		{47A01FFF-5176-4F9F-86A1-2A928357FE76}.Debug|Any CPU.Build.0 = Debug|Any CPU
		{47A01FFF-5176-4F9F-86A1-2A928357FE76}.Release|Any CPU.ActiveCfg = Release|Any CPU
		{47A01FFF-5176-4F9F-86A1-2A928357FE76}.Release|Any CPU.Build.0 = Release|Any CPU
		{A2222CF4-4961-4B3E-86FC-541B44186DD2}.Debug|Any CPU.ActiveCfg = Debug|Any CPU
		{A2222CF4-4961-4B3E-86FC-541B44186DD2}.Debug|Any CPU.Build.0 = Debug|Any CPU
		{A2222CF4-4961-4B3E-86FC-541B44186DD2}.Release|Any CPU.ActiveCfg = Release|Any CPU
		{A2222CF4-4961-4B3E-86FC-541B44186DD2}.Release|Any CPU.Build.0 = Release|Any CPU
		{147D1A6E-212D-44F8-BDB2-984F9F35BC4E}.Debug|Any CPU.ActiveCfg = Debug|Any CPU
		{147D1A6E-212D-44F8-BDB2-984F9F35BC4E}.Debug|Any CPU.Build.0 = Debug|Any CPU
		{147D1A6E-212D-44F8-BDB2-984F9F35BC4E}.Release|Any CPU.ActiveCfg = Release|Any CPU
		{147D1A6E-212D-44F8-BDB2-984F9F35BC4E}.Release|Any CPU.Build.0 = Release|Any CPU
		{2BA208B9-FA53-45D8-A9C5-45E12FE930B2}.Debug|Any CPU.ActiveCfg = Debug|Any CPU
		{2BA208B9-FA53-45D8-A9C5-45E12FE930B2}.Debug|Any CPU.Build.0 = Debug|Any CPU
		{2BA208B9-FA53-45D8-A9C5-45E12FE930B2}.Release|Any CPU.ActiveCfg = Release|Any CPU
		{2BA208B9-FA53-45D8-A9C5-45E12FE930B2}.Release|Any CPU.Build.0 = Release|Any CPU
	EndGlobalSection
EndGlobal
